
Microsoft Visual Studio Solution File, Format Version 12.00
# Visual Studio Version 17
VisualStudioVersion = 17.5.2.0
MinimumVisualStudioVersion = 10.0.40219.1
Project("{2150E333-8FDC-42A3-9474-1A3956D46DE8}") = "AsyncTaskLab", "AsyncTaskLab", "{DEB4903A-FCD3-DEC7-F8A8-67996D47F13C}"
EndProject
Project("{FAE04EC0-301F-11D3-BF4B-00C04F79EFBC}") = "AysncTaskLab", "AsyncTaskLab\AysncTaskLab.csproj", "{3C0256EB-7993-E52D-D686-48DD2EA2BA14}"
EndProject
Project("{FAE04EC0-301F-11D3-BF4B-00C04F79EFBC}") = "AuthClientLab", "AuthClientLab\AuthClientLab.csproj", "{13169781-9165-4FCB-9713-1A0124129E9D}"
EndProject
Project("{FAE04EC0-301F-11D3-BF4B-00C04F79EFBC}") = "AuthServerLab", "AuthServerLab\AuthServerLab.csproj", "{4A4BFAEE-E854-4952-9C9A-93F4FEC936CE}"
EndProject
Project("{FAE04EC0-301F-11D3-BF4B-00C04F79EFBC}") = "TcpClientLab", "TcpClientLab\TcpClientLab.csproj", "{2FF57D1E-4E8E-444E-AD2D-409FFD39F420}"
EndProject
Project("{FAE04EC0-301F-11D3-BF4B-00C04F79EFBC}") = "TcpServerLab", "TcpServerLab\TcpServerLab.csproj", "{6B34E44A-828E-4FF2-82BB-1CA140284EFA}"
EndProject
Project("{FAE04EC0-301F-11D3-BF4B-00C04F79EFBC}") = "UdpReceiverLab", "UdpReceiverLab\UdpReceiverLab.csproj", "{46F226F1-2D60-402B-A269-D3D6A733B923}"
EndProject
Project("{FAE04EC0-301F-11D3-BF4B-00C04F79EFBC}") = "UdpSenderLab", "UdpSenderLab\UdpSenderLab.csproj", "{92FC6AFF-D86D-498F-B063-2944BD36DE5B}"
EndProject
Project("{FAE04EC0-301F-11D3-BF4B-00C04F79EFBC}") = "UdpPeerLab", "UdpPeerLab\UdpPeerLab.csproj", "{8A094154-E858-4761-9F51-2DBB4F7023E5}"
EndProject
Project("{FAE04EC0-301F-11D3-BF4B-00C04F79EFBC}") = "JsonPacketClient", "JsonPacketClient\JsonPacketClient.csproj", "{9AAE1193-E5A2-408C-9AA1-6C3771F67FA3}"
EndProject
Project("{FAE04EC0-301F-11D3-BF4B-00C04F79EFBC}") = "JsonPacketServer", "JsonPacketServer\JsonPacketServer.csproj", "{7A333EF8-C432-4AE9-A466-25C6A500A1DC}"
EndProject
Global
	GlobalSection(SolutionConfigurationPlatforms) = preSolution
		Debug|Any CPU = Debug|Any CPU
		Debug|x64 = Debug|x64
		Debug|x86 = Debug|x86
		Release|Any CPU = Release|Any CPU
		Release|x64 = Release|x64
		Release|x86 = Release|x86
	EndGlobalSection
	GlobalSection(ProjectConfigurationPlatforms) = postSolution
		{3C0256EB-7993-E52D-D686-48DD2EA2BA14}.Debug|Any CPU.ActiveCfg = Debug|Any CPU
		{3C0256EB-7993-E52D-D686-48DD2EA2BA14}.Debug|Any CPU.Build.0 = Debug|Any CPU
		{3C0256EB-7993-E52D-D686-48DD2EA2BA14}.Debug|x64.ActiveCfg = Debug|Any CPU
		{3C0256EB-7993-E52D-D686-48DD2EA2BA14}.Debug|x64.Build.0 = Debug|Any CPU
		{3C0256EB-7993-E52D-D686-48DD2EA2BA14}.Debug|x86.ActiveCfg = Debug|Any CPU
		{3C0256EB-7993-E52D-D686-48DD2EA2BA14}.Debug|x86.Build.0 = Debug|Any CPU
		{3C0256EB-7993-E52D-D686-48DD2EA2BA14}.Release|Any CPU.ActiveCfg = Release|Any CPU
		{3C0256EB-7993-E52D-D686-48DD2EA2BA14}.Release|Any CPU.Build.0 = Release|Any CPU
		{3C0256EB-7993-E52D-D686-48DD2EA2BA14}.Release|x64.ActiveCfg = Release|Any CPU
		{3C0256EB-7993-E52D-D686-48DD2EA2BA14}.Release|x64.Build.0 = Release|Any CPU
		{3C0256EB-7993-E52D-D686-48DD2EA2BA14}.Release|x86.ActiveCfg = Release|Any CPU
		{3C0256EB-7993-E52D-D686-48DD2EA2BA14}.Release|x86.Build.0 = Release|Any CPU
		{13169781-9165-4FCB-9713-1A0124129E9D}.Debug|Any CPU.ActiveCfg = Debug|Any CPU
		{13169781-9165-4FCB-9713-1A0124129E9D}.Debug|Any CPU.Build.0 = Debug|Any CPU
		{13169781-9165-4FCB-9713-1A0124129E9D}.Debug|x64.ActiveCfg = Debug|Any CPU
		{13169781-9165-4FCB-9713-1A0124129E9D}.Debug|x64.Build.0 = Debug|Any CPU
		{13169781-9165-4FCB-9713-1A0124129E9D}.Debug|x86.ActiveCfg = Debug|Any CPU
		{13169781-9165-4FCB-9713-1A0124129E9D}.Debug|x86.Build.0 = Debug|Any CPU
		{13169781-9165-4FCB-9713-1A0124129E9D}.Release|Any CPU.ActiveCfg = Release|Any CPU
		{13169781-9165-4FCB-9713-1A0124129E9D}.Release|Any CPU.Build.0 = Release|Any CPU
		{13169781-9165-4FCB-9713-1A0124129E9D}.Release|x64.ActiveCfg = Release|Any CPU
		{13169781-9165-4FCB-9713-1A0124129E9D}.Release|x64.Build.0 = Release|Any CPU
		{13169781-9165-4FCB-9713-1A0124129E9D}.Release|x86.ActiveCfg = Release|Any CPU
		{13169781-9165-4FCB-9713-1A0124129E9D}.Release|x86.Build.0 = Release|Any CPU
		{4A4BFAEE-E854-4952-9C9A-93F4FEC936CE}.Debug|Any CPU.ActiveCfg = Debug|Any CPU
		{4A4BFAEE-E854-4952-9C9A-93F4FEC936CE}.Debug|Any CPU.Build.0 = Debug|Any CPU
		{4A4BFAEE-E854-4952-9C9A-93F4FEC936CE}.Debug|x64.ActiveCfg = Debug|Any CPU
		{4A4BFAEE-E854-4952-9C9A-93F4FEC936CE}.Debug|x64.Build.0 = Debug|Any CPU
		{4A4BFAEE-E854-4952-9C9A-93F4FEC936CE}.Debug|x86.ActiveCfg = Debug|Any CPU
		{4A4BFAEE-E854-4952-9C9A-93F4FEC936CE}.Debug|x86.Build.0 = Debug|Any CPU
		{4A4BFAEE-E854-4952-9C9A-93F4FEC936CE}.Release|Any CPU.ActiveCfg = Release|Any CPU
		{4A4BFAEE-E854-4952-9C9A-93F4FEC936CE}.Release|Any CPU.Build.0 = Release|Any CPU
		{4A4BFAEE-E854-4952-9C9A-93F4FEC936CE}.Release|x64.ActiveCfg = Release|Any CPU
		{4A4BFAEE-E854-4952-9C9A-93F4FEC936CE}.Release|x64.Build.0 = Release|Any CPU
		{4A4BFAEE-E854-4952-9C9A-93F4FEC936CE}.Release|x86.ActiveCfg = Release|Any CPU
		{4A4BFAEE-E854-4952-9C9A-93F4FEC936CE}.Release|x86.Build.0 = Release|Any CPU
		{2FF57D1E-4E8E-444E-AD2D-409FFD39F420}.Debug|Any CPU.ActiveCfg = Debug|Any CPU
		{2FF57D1E-4E8E-444E-AD2D-409FFD39F420}.Debug|Any CPU.Build.0 = Debug|Any CPU
		{2FF57D1E-4E8E-444E-AD2D-409FFD39F420}.Debug|x64.ActiveCfg = Debug|Any CPU
		{2FF57D1E-4E8E-444E-AD2D-409FFD39F420}.Debug|x64.Build.0 = Debug|Any CPU
		{2FF57D1E-4E8E-444E-AD2D-409FFD39F420}.Debug|x86.ActiveCfg = Debug|Any CPU
		{2FF57D1E-4E8E-444E-AD2D-409FFD39F420}.Debug|x86.Build.0 = Debug|Any CPU
		{2FF57D1E-4E8E-444E-AD2D-409FFD39F420}.Release|Any CPU.ActiveCfg = Release|Any CPU
		{2FF57D1E-4E8E-444E-AD2D-409FFD39F420}.Release|Any CPU.Build.0 = Release|Any CPU
		{2FF57D1E-4E8E-444E-AD2D-409FFD39F420}.Release|x64.ActiveCfg = Release|Any CPU
		{2FF57D1E-4E8E-444E-AD2D-409FFD39F420}.Release|x64.Build.0 = Release|Any CPU
		{2FF57D1E-4E8E-444E-AD2D-409FFD39F420}.Release|x86.ActiveCfg = Release|Any CPU
		{2FF57D1E-4E8E-444E-AD2D-409FFD39F420}.Release|x86.Build.0 = Release|Any CPU
		{6B34E44A-828E-4FF2-82BB-1CA140284EFA}.Debug|Any CPU.ActiveCfg = Debug|Any CPU
		{6B34E44A-828E-4FF2-82BB-1CA140284EFA}.Debug|Any CPU.Build.0 = Debug|Any CPU
		{6B34E44A-828E-4FF2-82BB-1CA140284EFA}.Debug|x64.ActiveCfg = Debug|Any CPU
		{6B34E44A-828E-4FF2-82BB-1CA140284EFA}.Debug|x64.Build.0 = Debug|Any CPU
		{6B34E44A-828E-4FF2-82BB-1CA140284EFA}.Debug|x86.ActiveCfg = Debug|Any CPU
		{6B34E44A-828E-4FF2-82BB-1CA140284EFA}.Debug|x86.Build.0 = Debug|Any CPU
		{6B34E44A-828E-4FF2-82BB-1CA140284EFA}.Release|Any CPU.ActiveCfg = Release|Any CPU
		{6B34E44A-828E-4FF2-82BB-1CA140284EFA}.Release|Any CPU.Build.0 = Release|Any CPU
		{6B34E44A-828E-4FF2-82BB-1CA140284EFA}.Release|x64.ActiveCfg = Release|Any CPU
		{6B34E44A-828E-4FF2-82BB-1CA140284EFA}.Release|x64.Build.0 = Release|Any CPU
		{6B34E44A-828E-4FF2-82BB-1CA140284EFA}.Release|x86.ActiveCfg = Release|Any CPU
		{6B34E44A-828E-4FF2-82BB-1CA140284EFA}.Release|x86.Build.0 = Release|Any CPU
		{46F226F1-2D60-402B-A269-D3D6A733B923}.Debug|Any CPU.ActiveCfg = Debug|Any CPU
		{46F226F1-2D60-402B-A269-D3D6A733B923}.Debug|Any CPU.Build.0 = Debug|Any CPU
		{46F226F1-2D60-402B-A269-D3D6A733B923}.Debug|x64.ActiveCfg = Debug|Any CPU
		{46F226F1-2D60-402B-A269-D3D6A733B923}.Debug|x64.Build.0 = Debug|Any CPU
		{46F226F1-2D60-402B-A269-D3D6A733B923}.Debug|x86.ActiveCfg = Debug|Any CPU
		{46F226F1-2D60-402B-A269-D3D6A733B923}.Debug|x86.Build.0 = Debug|Any CPU
		{46F226F1-2D60-402B-A269-D3D6A733B923}.Release|Any CPU.ActiveCfg = Release|Any CPU
		{46F226F1-2D60-402B-A269-D3D6A733B923}.Release|Any CPU.Build.0 = Release|Any CPU
		{46F226F1-2D60-402B-A269-D3D6A733B923}.Release|x64.ActiveCfg = Release|Any CPU
		{46F226F1-2D60-402B-A269-D3D6A733B923}.Release|x64.Build.0 = Release|Any CPU
		{46F226F1-2D60-402B-A269-D3D6A733B923}.Release|x86.ActiveCfg = Release|Any CPU
		{46F226F1-2D60-402B-A269-D3D6A733B923}.Release|x86.Build.0 = Release|Any CPU
		{92FC6AFF-D86D-498F-B063-2944BD36DE5B}.Debug|Any CPU.ActiveCfg = Debug|Any CPU
		{92FC6AFF-D86D-498F-B063-2944BD36DE5B}.Debug|Any CPU.Build.0 = Debug|Any CPU
		{92FC6AFF-D86D-498F-B063-2944BD36DE5B}.Debug|x64.ActiveCfg = Debug|Any CPU
		{92FC6AFF-D86D-498F-B063-2944BD36DE5B}.Debug|x64.Build.0 = Debug|Any CPU
		{92FC6AFF-D86D-498F-B063-2944BD36DE5B}.Debug|x86.ActiveCfg = Debug|Any CPU
		{92FC6AFF-D86D-498F-B063-2944BD36DE5B}.Debug|x86.Build.0 = Debug|Any CPU
		{92FC6AFF-D86D-498F-B063-2944BD36DE5B}.Release|Any CPU.ActiveCfg = Release|Any CPU
		{92FC6AFF-D86D-498F-B063-2944BD36DE5B}.Release|Any CPU.Build.0 = Release|Any CPU
		{92FC6AFF-D86D-498F-B063-2944BD36DE5B}.Release|x64.ActiveCfg = Release|Any CPU
		{92FC6AFF-D86D-498F-B063-2944BD36DE5B}.Release|x64.Build.0 = Release|Any CPU
		{92FC6AFF-D86D-498F-B063-2944BD36DE5B}.Release|x86.ActiveCfg = Release|Any CPU
		{92FC6AFF-D86D-498F-B063-2944BD36DE5B}.Release|x86.Build.0 = Release|Any CPU
		{8A094154-E858-4761-9F51-2DBB4F7023E5}.Debug|Any CPU.ActiveCfg = Debug|Any CPU
		{8A094154-E858-4761-9F51-2DBB4F7023E5}.Debug|Any CPU.Build.0 = Debug|Any CPU
		{8A094154-E858-4761-9F51-2DBB4F7023E5}.Debug|x64.ActiveCfg = Debug|Any CPU
		{8A094154-E858-4761-9F51-2DBB4F7023E5}.Debug|x64.Build.0 = Debug|Any CPU
		{8A094154-E858-4761-9F51-2DBB4F7023E5}.Debug|x86.ActiveCfg = Debug|Any CPU
		{8A094154-E858-4761-9F51-2DBB4F7023E5}.Debug|x86.Build.0 = Debug|Any CPU
		{8A094154-E858-4761-9F51-2DBB4F7023E5}.Release|Any CPU.ActiveCfg = Release|Any CPU
		{8A094154-E858-4761-9F51-2DBB4F7023E5}.Release|Any CPU.Build.0 = Release|Any CPU
		{8A094154-E858-4761-9F51-2DBB4F7023E5}.Release|x64.ActiveCfg = Release|Any CPU
		{8A094154-E858-4761-9F51-2DBB4F7023E5}.Release|x64.Build.0 = Release|Any CPU
		{8A094154-E858-4761-9F51-2DBB4F7023E5}.Release|x86.ActiveCfg = Release|Any CPU
		{8A094154-E858-4761-9F51-2DBB4F7023E5}.Release|x86.Build.0 = Release|Any CPU
		{9AAE1193-E5A2-408C-9AA1-6C3771F67FA3}.Debug|Any CPU.ActiveCfg = Debug|Any CPU
		{9AAE1193-E5A2-408C-9AA1-6C3771F67FA3}.Debug|Any CPU.Build.0 = Debug|Any CPU
		{9AAE1193-E5A2-408C-9AA1-6C3771F67FA3}.Debug|x64.ActiveCfg = Debug|Any CPU
		{9AAE1193-E5A2-408C-9AA1-6C3771F67FA3}.Debug|x64.Build.0 = Debug|Any CPU
		{9AAE1193-E5A2-408C-9AA1-6C3771F67FA3}.Debug|x86.ActiveCfg = Debug|Any CPU
		{9AAE1193-E5A2-408C-9AA1-6C3771F67FA3}.Debug|x86.Build.0 = Debug|Any CPU
		{9AAE1193-E5A2-408C-9AA1-6C3771F67FA3}.Release|Any CPU.ActiveCfg = Release|Any CPU
		{9AAE1193-E5A2-408C-9AA1-6C3771F67FA3}.Release|Any CPU.Build.0 = Release|Any CPU
		{9AAE1193-E5A2-408C-9AA1-6C3771F67FA3}.Release|x64.ActiveCfg = Release|Any CPU
		{9AAE1193-E5A2-408C-9AA1-6C3771F67FA3}.Release|x64.Build.0 = Release|Any CPU
		{9AAE1193-E5A2-408C-9AA1-6C3771F67FA3}.Release|x86.ActiveCfg = Release|Any CPU
		{9AAE1193-E5A2-408C-9AA1-6C3771F67FA3}.Release|x86.Build.0 = Release|Any CPU
		{7A333EF8-C432-4AE9-A466-25C6A500A1DC}.Debug|Any CPU.ActiveCfg = Debug|Any CPU
		{7A333EF8-C432-4AE9-A466-25C6A500A1DC}.Debug|Any CPU.Build.0 = Debug|Any CPU
		{7A333EF8-C432-4AE9-A466-25C6A500A1DC}.Debug|x64.ActiveCfg = Debug|Any CPU
		{7A333EF8-C432-4AE9-A466-25C6A500A1DC}.Debug|x64.Build.0 = Debug|Any CPU
		{7A333EF8-C432-4AE9-A466-25C6A500A1DC}.Debug|x86.ActiveCfg = Debug|Any CPU
		{7A333EF8-C432-4AE9-A466-25C6A500A1DC}.Debug|x86.Build.0 = Debug|Any CPU
		{7A333EF8-C432-4AE9-A466-25C6A500A1DC}.Release|Any CPU.ActiveCfg = Release|Any CPU
		{7A333EF8-C432-4AE9-A466-25C6A500A1DC}.Release|Any CPU.Build.0 = Release|Any CPU
		{7A333EF8-C432-4AE9-A466-25C6A500A1DC}.Release|x64.ActiveCfg = Release|Any CPU
		{7A333EF8-C432-4AE9-A466-25C6A500A1DC}.Release|x64.Build.0 = Release|Any CPU
		{7A333EF8-C432-4AE9-A466-25C6A500A1DC}.Release|x86.ActiveCfg = Release|Any CPU
		{7A333EF8-C432-4AE9-A466-25C6A500A1DC}.Release|x86.Build.0 = Release|Any CPU
	EndGlobalSection
	GlobalSection(SolutionProperties) = preSolution
		HideSolutionNode = FALSE
	EndGlobalSection
	GlobalSection(NestedProjects) = preSolution
		{3C0256EB-7993-E52D-D686-48DD2EA2BA14} = {DEB4903A-FCD3-DEC7-F8A8-67996D47F13C}
	EndGlobalSection
	GlobalSection(ExtensibilityGlobals) = postSolution
		SolutionGuid = {6D8FF4D5-D879-4E4B-B6A5-85294EFECABE}
	EndGlobalSection
EndGlobal
